// !$*UTF8*$!
{
	archiveVersion = 1;
	classes = {
	};
	objectVersion = 60;
	objects = {

/* Begin PBXBuildFile section */
		01E6F2718D58B5B5E3810A9D /* AppearanceSettingsTests.swift in Sources */ = {isa = PBXBuildFile; fileRef = 3B0CB6BE81CCA90D965BA053 /* AppearanceSettingsTests.swift */; };
		02078B0FA0D39D63388487B9 /* ShortcutRecorderButtonTests.swift in Sources */ = {isa = PBXBuildFile; fileRef = BD745663A02D39267FBA0036 /* ShortcutRecorderButtonTests.swift */; };
		05B449515D343165571F9C0F /* ConfigRuntime.swift in Sources */ = {isa = PBXBuildFile; fileRef = 0A65ED208864F99A20C9A0BF /* ConfigRuntime.swift */; };
		110000000000000000000001 /* WindowRuntimeEvent.swift in Sources */ = {isa = PBXBuildFile; fileRef = 120000000000000000000001 /* WindowRuntimeEvent.swift */; };
		110000000000000000000002 /* SwitcherAnchorFrameResolver.swift in Sources */ = {isa = PBXBuildFile; fileRef = 120000000000000000000002 /* SwitcherAnchorFrameResolver.swift */; };
		110000000000000000000003 /* GeneralSettingsViewFactory.swift in Sources */ = {isa = PBXBuildFile; fileRef = 120000000000000000000003 /* GeneralSettingsViewFactory.swift */; };
		110000000000000000000004 /* SpaceSettingsViewFactory.swift in Sources */ = {isa = PBXBuildFile; fileRef = 120000000000000000000004 /* SpaceSettingsViewFactory.swift */; };
		110000000000000000000005 /* SpaceDisplayCardView.swift in Sources */ = {isa = PBXBuildFile; fileRef = 120000000000000000000005 /* SpaceDisplayCardView.swift */; };
		110000000000000000000006 /* SpaceDisplayPillViews.swift in Sources */ = {isa = PBXBuildFile; fileRef = 120000000000000000000006 /* SpaceDisplayPillViews.swift */; };
		130000000000000000000001 /* SpaceDisplayArrangementTests.swift in Sources */ = {isa = PBXBuildFile; fileRef = 140000000000000000000001 /* SpaceDisplayArrangementTests.swift */; };
		130000000000000000000002 /* SpaceIDPickerTests.swift in Sources */ = {isa = PBXBuildFile; fileRef = 140000000000000000000002 /* SpaceIDPickerTests.swift */; };
		130000000000000000000003 /* SpaceSettingsViewStateTests.swift in Sources */ = {isa = PBXBuildFile; fileRef = 140000000000000000000003 /* SpaceSettingsViewStateTests.swift */; };
		130000000000000000000004 /* SpaceSettingsViewTests.swift in Sources */ = {isa = PBXBuildFile; fileRef = 140000000000000000000004 /* SpaceSettingsViewTests.swift */; };
		130000000000000000000005 /* SpaceSwitcherLayoutTests.swift in Sources */ = {isa = PBXBuildFile; fileRef = 140000000000000000000005 /* SpaceSwitcherLayoutTests.swift */; };
		130000000000000000000006 /* SpaceThumbnailTests.swift in Sources */ = {isa = PBXBuildFile; fileRef = 140000000000000000000006 /* SpaceThumbnailTests.swift */; };
		130000000000000000000007 /* SwitcherInteractionPolicyTests.swift in Sources */ = {isa = PBXBuildFile; fileRef = 140000000000000000000007 /* SwitcherInteractionPolicyTests.swift */; };
		130000000000000000000008 /* WindowRuntimeEventConcurrencyTests.swift in Sources */ = {isa = PBXBuildFile; fileRef = 140000000000000000000008 /* WindowRuntimeEventConcurrencyTests.swift */; };
		130000000000000000000009 /* WindowRuntimeEventHandlerTests.swift in Sources */ = {isa = PBXBuildFile; fileRef = 140000000000000000000009 /* WindowRuntimeEventHandlerTests.swift */; };
		160000000000000000000001 /* TerminationSignalMonitor.swift in Sources */ = {isa = PBXBuildFile; fileRef = 170000000000000000000001 /* TerminationSignalMonitor.swift */; };
		160000000000000000000002 /* TerminationSignalMonitorTests.swift in Sources */ = {isa = PBXBuildFile; fileRef = 170000000000000000000002 /* TerminationSignalMonitorTests.swift */; };
		0C1C6E3D55E91C177A67B9BF /* CosmosApplication.swift in Sources */ = {isa = PBXBuildFile; fileRef = 51EFD77086498FA29C9CD2B7 /* CosmosApplication.swift */; };
		F1A001000000000000000001 /* ApplicationRuntimeHost.swift in Sources */ = {isa = PBXBuildFile; fileRef = F1A001000000000000000002 /* ApplicationRuntimeHost.swift */; };
		F1A001000000000000000003 /* SetupAgainConfirmation.swift in Sources */ = {isa = PBXBuildFile; fileRef = F1A001000000000000000004 /* SetupAgainConfirmation.swift */; };
		0DD6BEA2B2DDC73C12A4722B /* DebugStatusRenderer.swift in Sources */ = {isa = PBXBuildFile; fileRef = AE078C07E8072EB07D79443C /* DebugStatusRenderer.swift */; };
		11A0AF43C6E2E49C0E2F6B79 /* AccessibilityPermissionController.swift in Sources */ = {isa = PBXBuildFile; fileRef = E24246563E59CD46975B43C7 /* AccessibilityPermissionController.swift */; };
		12AF4B2AB3DD3FE742A6D75F /* SwitcherOverlayWindowController.swift in Sources */ = {isa = PBXBuildFile; fileRef = 52301E71E0E42F07906619AB /* SwitcherOverlayWindowController.swift */; };
		139433CB2444ABF47F67F81D /* SwitcherOverlayContentController.swift in Sources */ = {isa = PBXBuildFile; fileRef = 68C4E2176032B0FBFB059983 /* SwitcherOverlayContentController.swift */; };
		174246513F2773F683560065 /* AppProfileTests.swift in Sources */ = {isa = PBXBuildFile; fileRef = FBE868569917C24AF9517952 /* AppProfileTests.swift */; };
		18F41F9C9D60790491DE6F6D /* AppDelegate.swift in Sources */ = {isa = PBXBuildFile; fileRef = A9FB7A938AAFD7A05CC4F513 /* AppDelegate.swift */; };
		1A9D527F619FAA4D9792FDAE /* GeneralSettingsService.swift in Sources */ = {isa = PBXBuildFile; fileRef = A768E125FDF463F09E5E8C03 /* GeneralSettingsService.swift */; };
		1E49B10AC10800C97E5BF6D1 /* SpaceIDPickerView.swift in Sources */ = {isa = PBXBuildFile; fileRef = 7D93A2F8CD2DCF2867B59EDD /* SpaceIDPickerView.swift */; };
		20ADBC8E9B5F39D7C26CFD6F /* AppSettingsStore.swift in Sources */ = {isa = PBXBuildFile; fileRef = F173A36FA5FEF966E4045361 /* AppSettingsStore.swift */; };
		20CD571493F6F5689F219170 /* ApplicationIconCacheTests.swift in Sources */ = {isa = PBXBuildFile; fileRef = C78A5A1E9273B38D6A3B86FB /* ApplicationIconCacheTests.swift */; };
		26521A718D356FFDEDEB99AE /* CosmosCore in Frameworks */ = {isa = PBXBuildFile; productRef = F3C6C1E01E2790DBD1C8759D /* CosmosCore */; };
		2802C58497F496DA2BB708BC /* SwitcherCoordinator.swift in Sources */ = {isa = PBXBuildFile; fileRef = FAEF94D847B787BE09CB8DCC /* SwitcherCoordinator.swift */; };
		2D7B5E58F23E5A423FA04C00 /* SpaceSettingsViewController.swift in Sources */ = {isa = PBXBuildFile; fileRef = 47815B96EB3BDF5149CE3905 /* SpaceSettingsViewController.swift */; };
		2EAB9914186BA0D707335CC3 /* ApplicationIconCache.swift in Sources */ = {isa = PBXBuildFile; fileRef = 71DF96855CCD916784F8E41B /* ApplicationIconCache.swift */; };
		2F75CA4F3F97B883E9EF9EA3 /* SwitcherPreviewService.swift in Sources */ = {isa = PBXBuildFile; fileRef = F8C4BF202BF4D09ADA3BDB86 /* SwitcherPreviewService.swift */; };
		30EE3B3E8B71E27139685497 /* SwitcherTestSupport.swift in Sources */ = {isa = PBXBuildFile; fileRef = 29CB97F2B790875AE2813F87 /* SwitcherTestSupport.swift */; };
		334D4C006BCF03901297125C /* ConfigRuntimeTests.swift in Sources */ = {isa = PBXBuildFile; fileRef = C983C270D0A6097DF02120C7 /* ConfigRuntimeTests.swift */; };
		33A74C0D6B1E4F2A8C5097D3 /* ConfigRuntimeTestSupport.swift in Sources */ = {isa = PBXBuildFile; fileRef = C9D154A0E7B2436F8A0C5D12 /* ConfigRuntimeTestSupport.swift */; };
		D10000000000000000000002 /* ConfigRuntimeDesiredStateTests.swift in Sources */ = {isa = PBXBuildFile; fileRef = D10000000000000000000001 /* ConfigRuntimeDesiredStateTests.swift */; };
		3493FA7A3E90533D8A3D86C2 /* SwitcherModels.swift in Sources */ = {isa = PBXBuildFile; fileRef = BA153E480398570D63C3B9A7 /* SwitcherModels.swift */; };
		3E818739319D8EA745B7E9EE /* AppRuntime.swift in Sources */ = {isa = PBXBuildFile; fileRef = E2EA481F06B2FE09F3944553 /* AppRuntime.swift */; };
		3FBB8C9396F8E56C9F176DEC /* Log.swift in Sources */ = {isa = PBXBuildFile; fileRef = 85DEB94005203CA045AFDC68 /* Log.swift */; };
		4D23DABCA127F1A7B951376D /* ModifierFlagsMonitorTests.swift in Sources */ = {isa = PBXBuildFile; fileRef = C8561E548E557C8E30D6F79D /* ModifierFlagsMonitorTests.swift */; };
		4E609D9E3E801C76BA320A69 /* ShortcutRecorderButton.swift in Sources */ = {isa = PBXBuildFile; fileRef = 07BEFE5DD28D09E37156901C /* ShortcutRecorderButton.swift */; };
		50C8D0A9EA5020F337960072 /* SpaceThumbnailCache.swift in Sources */ = {isa = PBXBuildFile; fileRef = 1D33AA0FC3DEBDA4897EB11C /* SpaceThumbnailCache.swift */; };
		52F6A81C74D04B71A6B908E2 /* SpaceThumbnailRenderer.swift in Sources */ = {isa = PBXBuildFile; fileRef = 3A9715E6FAD84D639C012B47 /* SpaceThumbnailRenderer.swift */; };
		57D2C290F63B6DC064484F36 /* KeyboardBindingMapper.swift in Sources */ = {isa = PBXBuildFile; fileRef = D00F18C90C9A49A0944B0E44 /* KeyboardBindingMapper.swift */; };
		5E095B003AD180055EE94BDD /* GeneralSettingsViewController.swift in Sources */ = {isa = PBXBuildFile; fileRef = D7ADAC95348EF0FBF0BEF484 /* GeneralSettingsViewController.swift */; };
		61E8BB1A23DA8DD5914DE18B /* StatusMenuController.swift in Sources */ = {isa = PBXBuildFile; fileRef = 6A3825B797E23797D8988D63 /* StatusMenuController.swift */; };
		637F851D0D69992CE7DEA059 /* AppProfile.swift in Sources */ = {isa = PBXBuildFile; fileRef = E743C48B4AD98EC70F9D91DB /* AppProfile.swift */; };
		64C1040CFE51AE6FD9861933 /* KeyboardShortcutManagerTests.swift in Sources */ = {isa = PBXBuildFile; fileRef = DDACEBD8721870102202C889 /* KeyboardShortcutManagerTests.swift */; };
		6641E4BE05BF77EAECA37995 /* AppIcon.icon in Resources */ = {isa = PBXBuildFile; fileRef = 1E75E271F69A9BA5BE2F4522 /* AppIcon.icon */; };
		78E3D54448546695C1157733 /* ModifierFlagsMonitor.swift in Sources */ = {isa = PBXBuildFile; fileRef = 390C28C5D1B0C7757A62FFED /* ModifierFlagsMonitor.swift */; };
		7B0243E63D099212BB53838F /* KeyboardBindingMapperTests.swift in Sources */ = {isa = PBXBuildFile; fileRef = 16D380443AEF1B4BCA55AD49 /* KeyboardBindingMapperTests.swift */; };
		7B499687C67A954ADA0B8D84 /* CarbonKeyboardBackend.swift in Sources */ = {isa = PBXBuildFile; fileRef = 8FD26F3B9A7C423345FB165C /* CarbonKeyboardBackend.swift */; };
		7FBE0ACE319981890CF8C4E4 /* AXApplicationObserverRegistry.swift in Sources */ = {isa = PBXBuildFile; fileRef = D136051710ECBADAA14E0522 /* AXApplicationObserverRegistry.swift */; };
		8B3E9A2F6D5C4B3A291807F6 /* SettingsCoordinator.swift in Sources */ = {isa = PBXBuildFile; fileRef = 7A2D8F1E5C4B3A29081706F5 /* SettingsCoordinator.swift */; };
		909EE7F746FA13213655A7B5 /* DebugStatusWindowController.swift in Sources */ = {isa = PBXBuildFile; fileRef = 583CADAAD9AFB41F03805EFE /* DebugStatusWindowController.swift */; };
		92B8545DC0656A22DA01E6E0 /* WindowRuntimeEventHandler.swift in Sources */ = {isa = PBXBuildFile; fileRef = 31796FE52334A52C16A26B5F /* WindowRuntimeEventHandler.swift */; };
		9423832A9D75720ED5792FF2 /* SwitcherSettingsViewController.swift in Sources */ = {isa = PBXBuildFile; fileRef = 0AB6658ACEEE29E202956EFB /* SwitcherSettingsViewController.swift */; };
		A4F27D8C9B1E4602A7315F90 /* WindowSettingsViewController.swift in Sources */ = {isa = PBXBuildFile; fileRef = B5E38C9D0A2F4713B8426A01 /* WindowSettingsViewController.swift */; };
		951CA33D24DDB240318CB7EA /* SwitcherCoordinatorTests.swift in Sources */ = {isa = PBXBuildFile; fileRef = 1501C2846013654EA452412B /* SwitcherCoordinatorTests.swift */; };
		A10000000000000000000002 /* KeyboardShortcutKeyCodec.swift in Sources */ = {isa = PBXBuildFile; fileRef = A10000000000000000000001 /* KeyboardShortcutKeyCodec.swift */; };
		A20000000000000000000002 /* SettingsControls.swift in Sources */ = {isa = PBXBuildFile; fileRef = A20000000000000000000001 /* SettingsControls.swift */; };
		A30000000000000000000002 /* OnboardingCoordinator.swift in Sources */ = {isa = PBXBuildFile; fileRef = A30000000000000000000001 /* OnboardingCoordinator.swift */; };
		A30000000000000000000004 /* OnboardingStateStore.swift in Sources */ = {isa = PBXBuildFile; fileRef = A30000000000000000000003 /* OnboardingStateStore.swift */; };
		A30000000000000000000006 /* OnboardingPermissionViewController.swift in Sources */ = {isa = PBXBuildFile; fileRef = A30000000000000000000005 /* OnboardingPermissionViewController.swift */; };
		A40000000000000000000002 /* SpaceApplicationIconStripView.swift in Sources */ = {isa = PBXBuildFile; fileRef = A40000000000000000000001 /* SpaceApplicationIconStripView.swift */; };
		A8B9D45A5C29B03AAE17A866 /* main.swift in Sources */ = {isa = PBXBuildFile; fileRef = 78954AB3A0D6128B74568AAC /* main.swift */; };
		AC7401A6054135050A1E735B /* SpaceDisplayArrangementView.swift in Sources */ = {isa = PBXBuildFile; fileRef = E2B089E94FB0F81FFD08BF8D /* SpaceDisplayArrangementView.swift */; };
		AD3C9F770A3E7BB6FD128250 /* WindowThumbnailCache.swift in Sources */ = {isa = PBXBuildFile; fileRef = 9D836316F9AF909F35996C40 /* WindowThumbnailCache.swift */; };
		AFFC41ECBD3D513B734548D5 /* AppCompositionRoot.swift in Sources */ = {isa = PBXBuildFile; fileRef = 18F7C62CD7201633BF12BFB1 /* AppCompositionRoot.swift */; };
		B6B8DCB9229512FE3511DC5D /* SpaceSettingsTests.swift in Sources */ = {isa = PBXBuildFile; fileRef = F69A22CC6D1A445A26A5BDBF /* SpaceSettingsTests.swift */; };
		B70000000000000000000002 /* WindowRuntimeFocusEventTests.swift in Sources */ = {isa = PBXBuildFile; fileRef = B70000000000000000000001 /* WindowRuntimeFocusEventTests.swift */; };
		B70000000000000000000004 /* WindowThumbnailCacheTests.swift in Sources */ = {isa = PBXBuildFile; fileRef = B70000000000000000000003 /* WindowThumbnailCacheTests.swift */; };
		B6EC5A0D09D5A2F3AFE4FDDC /* WindowSwitcherViews.swift in Sources */ = {isa = PBXBuildFile; fileRef = 3D116B22259C91A8E99E96EF /* WindowSwitcherViews.swift */; };
		BBFDF71D4E1F760F49FEDA7D /* KeyboardShortcutManager.swift in Sources */ = {isa = PBXBuildFile; fileRef = 14F9C6E1BAFBCE1ADE3CEAB5 /* KeyboardShortcutManager.swift */; };
		BCF09CE4E530BE98F7898BDC /* SettingsWindowController.swift in Sources */ = {isa = PBXBuildFile; fileRef = 73EC2EF8753A9300715E05E7 /* SettingsWindowController.swift */; };
		C6207F73F6468BA74A93962F /* SwitcherOutsideClickMonitor.swift in Sources */ = {isa = PBXBuildFile; fileRef = 611448DEB72AFF4B0F79536B /* SwitcherOutsideClickMonitor.swift */; };
		C6AB3B48A43C09930696E69B /* SpaceSwitcherOverviewView.swift in Sources */ = {isa = PBXBuildFile; fileRef = AF986B83D1099D20B599B0AB /* SpaceSwitcherOverviewView.swift */; };
		C80000000000000000000002 /* SpaceSwitchCommand.swift in Sources */ = {isa = PBXBuildFile; fileRef = C80000000000000000000001 /* SpaceSwitchCommand.swift */; };
		C80000000000000000000004 /* SpaceSwitchCommandTests.swift in Sources */ = {isa = PBXBuildFile; fileRef = C80000000000000000000003 /* SpaceSwitchCommandTests.swift */; };
		CD5CE66E2347BC5BAC2B129E /* WindowRuntimeEventTests.swift in Sources */ = {isa = PBXBuildFile; fileRef = 0A92B6BA939074278B64728C /* WindowRuntimeEventTests.swift */; };
		CDF7FC65C62326A5D21823B9 /* GeneralSettingsServiceTests.swift in Sources */ = {isa = PBXBuildFile; fileRef = 486304735CA9CF52837D3D0A /* GeneralSettingsServiceTests.swift */; };
		D0E2701C32425F66ADDFFA23 /* SettingsSidebarViewController.swift in Sources */ = {isa = PBXBuildFile; fileRef = BD98A4B57009D3E5C86143DF /* SettingsSidebarViewController.swift */; };
		D39F65D1BC374C99127A8D68 /* WindowEventMonitor.swift in Sources */ = {isa = PBXBuildFile; fileRef = E3E7D9BDF57C766FD89FDCAA /* WindowEventMonitor.swift */; };
		D754CAD09C22C249C9404B93 /* SpaceSettingsControls.swift in Sources */ = {isa = PBXBuildFile; fileRef = 6B48F56E9A562434FF7C0BE7 /* SpaceSettingsControls.swift */; };
		D8E1F46A2B7C4A9180D5E3F2 /* SpaceSettingsService.swift in Sources */ = {isa = PBXBuildFile; fileRef = C7A2E9B4D1F6483A95B0C6E7 /* SpaceSettingsService.swift */; };
		DCD3AFCB4077734C0FFFE6B7 /* SpaceActionController.swift in Sources */ = {isa = PBXBuildFile; fileRef = B3B34FA1681B2CABA63E153F /* SpaceActionController.swift */; };
		E270DA89AF461A93A7D221BB /* SettingsModels.swift in Sources */ = {isa = PBXBuildFile; fileRef = 37038C6E71932BA8C8D029BD /* SettingsModels.swift */; };
		E90000000000000000000002 /* DisplayReconfigurationMonitor.swift in Sources */ = {isa = PBXBuildFile; fileRef = E90000000000000000000001 /* DisplayReconfigurationMonitor.swift */; };
		E92D2447C5BAF8D1808B1E69 /* SwitcherOverlayScreenLocator.swift in Sources */ = {isa = PBXBuildFile; fileRef = 893C57A28CC88D95E43CD308 /* SwitcherOverlayScreenLocator.swift */; };
		EAC517820C888BB589E35CAE /* ConfigErrorMessageTests.swift in Sources */ = {isa = PBXBuildFile; fileRef = 427330055DBD8916856243BF /* ConfigErrorMessageTests.swift */; };
		EFCF42B4F9D11EFA893BC4C9 /* CosmosCore in Frameworks */ = {isa = PBXBuildFile; productRef = 5B43D1C8FC0F4AD4173F2A0C /* CosmosCore */; };
		F05CFA47B9510E0F555FACA1 /* KeyboardShortcutResolver.swift in Sources */ = {isa = PBXBuildFile; fileRef = F45070B9F813E6A9A1BA0D0E /* KeyboardShortcutResolver.swift */; };
		F352BA5B165A0FD7BBBCE15C /* SwitcherPreviewServiceTests.swift in Sources */ = {isa = PBXBuildFile; fileRef = 4805CB8CB28BF9396FEEBAB3 /* SwitcherPreviewServiceTests.swift */; };
/* End PBXBuildFile section */

/* Begin PBXContainerItemProxy section */
		4B2612BDBFF447A7007298C6 /* PBXContainerItemProxy */ = {
			isa = PBXContainerItemProxy;
			containerPortal = 7DBFE0581C5D6629E69CCD5B /* Project object */;
			proxyType = 1;
			remoteGlobalIDString = 6D660F6F9447561D297B18B7;
			remoteInfo = Cosmos;
		};
/* End PBXContainerItemProxy section */

/* Begin PBXFileReference section */
		120000000000000000000001 /* WindowRuntimeEvent.swift */ = {isa = PBXFileReference; lastKnownFileType = sourcecode.swift; path = WindowRuntimeEvent.swift; sourceTree = "<group>"; };
		120000000000000000000002 /* SwitcherAnchorFrameResolver.swift */ = {isa = PBXFileReference; lastKnownFileType = sourcecode.swift; path = SwitcherAnchorFrameResolver.swift; sourceTree = "<group>"; };
		120000000000000000000003 /* GeneralSettingsViewFactory.swift */ = {isa = PBXFileReference; lastKnownFileType = sourcecode.swift; path = GeneralSettingsViewFactory.swift; sourceTree = "<group>"; };
		120000000000000000000004 /* SpaceSettingsViewFactory.swift */ = {isa = PBXFileReference; lastKnownFileType = sourcecode.swift; path = SpaceSettingsViewFactory.swift; sourceTree = "<group>"; };
		120000000000000000000005 /* SpaceDisplayCardView.swift */ = {isa = PBXFileReference; lastKnownFileType = sourcecode.swift; path = SpaceDisplayCardView.swift; sourceTree = "<group>"; };
		120000000000000000000006 /* SpaceDisplayPillViews.swift */ = {isa = PBXFileReference; lastKnownFileType = sourcecode.swift; path = SpaceDisplayPillViews.swift; sourceTree = "<group>"; };
		140000000000000000000001 /* SpaceDisplayArrangementTests.swift */ = {isa = PBXFileReference; lastKnownFileType = sourcecode.swift; path = SpaceDisplayArrangementTests.swift; sourceTree = "<group>"; };
		140000000000000000000002 /* SpaceIDPickerTests.swift */ = {isa = PBXFileReference; lastKnownFileType = sourcecode.swift; path = SpaceIDPickerTests.swift; sourceTree = "<group>"; };
		140000000000000000000003 /* SpaceSettingsViewStateTests.swift */ = {isa = PBXFileReference; lastKnownFileType = sourcecode.swift; path = SpaceSettingsViewStateTests.swift; sourceTree = "<group>"; };
		140000000000000000000004 /* SpaceSettingsViewTests.swift */ = {isa = PBXFileReference; lastKnownFileType = sourcecode.swift; path = SpaceSettingsViewTests.swift; sourceTree = "<group>"; };
		140000000000000000000005 /* SpaceSwitcherLayoutTests.swift */ = {isa = PBXFileReference; lastKnownFileType = sourcecode.swift; path = SpaceSwitcherLayoutTests.swift; sourceTree = "<group>"; };
		140000000000000000000006 /* SpaceThumbnailTests.swift */ = {isa = PBXFileReference; lastKnownFileType = sourcecode.swift; path = SpaceThumbnailTests.swift; sourceTree = "<group>"; };
		140000000000000000000007 /* SwitcherInteractionPolicyTests.swift */ = {isa = PBXFileReference; lastKnownFileType = sourcecode.swift; path = SwitcherInteractionPolicyTests.swift; sourceTree = "<group>"; };
		140000000000000000000008 /* WindowRuntimeEventConcurrencyTests.swift */ = {isa = PBXFileReference; lastKnownFileType = sourcecode.swift; path = WindowRuntimeEventConcurrencyTests.swift; sourceTree = "<group>"; };
		140000000000000000000009 /* WindowRuntimeEventHandlerTests.swift */ = {isa = PBXFileReference; lastKnownFileType = sourcecode.swift; path = WindowRuntimeEventHandlerTests.swift; sourceTree = "<group>"; };
		170000000000000000000001 /* TerminationSignalMonitor.swift */ = {isa = PBXFileReference; lastKnownFileType = sourcecode.swift; path = TerminationSignalMonitor.swift; sourceTree = "<group>"; };
		170000000000000000000002 /* TerminationSignalMonitorTests.swift */ = {isa = PBXFileReference; lastKnownFileType = sourcecode.swift; path = TerminationSignalMonitorTests.swift; sourceTree = "<group>"; };
		01F67CB28B6CB06F4DB03B50 /* Cosmos Dev.app */ = {isa = PBXFileReference; explicitFileType = wrapper.application; includeInIndex = 0; path = "Cosmos Dev.app"; sourceTree = BUILT_PRODUCTS_DIR; };
		07BEFE5DD28D09E37156901C /* ShortcutRecorderButton.swift */ = {isa = PBXFileReference; lastKnownFileType = sourcecode.swift; path = ShortcutRecorderButton.swift; sourceTree = "<group>"; };
		0A65ED208864F99A20C9A0BF /* ConfigRuntime.swift */ = {isa = PBXFileReference; lastKnownFileType = sourcecode.swift; path = ConfigRuntime.swift; sourceTree = "<group>"; };
		0A92B6BA939074278B64728C /* WindowRuntimeEventTests.swift */ = {isa = PBXFileReference; lastKnownFileType = sourcecode.swift; path = WindowRuntimeEventTests.swift; sourceTree = "<group>"; };
		0AB6658ACEEE29E202956EFB /* SwitcherSettingsViewController.swift */ = {isa = PBXFileReference; lastKnownFileType = sourcecode.swift; path = SwitcherSettingsViewController.swift; sourceTree = "<group>"; };
		B5E38C9D0A2F4713B8426A01 /* WindowSettingsViewController.swift */ = {isa = PBXFileReference; lastKnownFileType = sourcecode.swift; path = WindowSettingsViewController.swift; sourceTree = "<group>"; };
		B70000000000000000000001 /* WindowRuntimeFocusEventTests.swift */ = {isa = PBXFileReference; lastKnownFileType = sourcecode.swift; path = WindowRuntimeFocusEventTests.swift; sourceTree = "<group>"; };
		B70000000000000000000003 /* WindowThumbnailCacheTests.swift */ = {isa = PBXFileReference; lastKnownFileType = sourcecode.swift; path = WindowThumbnailCacheTests.swift; sourceTree = "<group>"; };
		14F9C6E1BAFBCE1ADE3CEAB5 /* KeyboardShortcutManager.swift */ = {isa = PBXFileReference; lastKnownFileType = sourcecode.swift; path = KeyboardShortcutManager.swift; sourceTree = "<group>"; };
		1501C2846013654EA452412B /* SwitcherCoordinatorTests.swift */ = {isa = PBXFileReference; lastKnownFileType = sourcecode.swift; path = SwitcherCoordinatorTests.swift; sourceTree = "<group>"; };
		16D380443AEF1B4BCA55AD49 /* KeyboardBindingMapperTests.swift */ = {isa = PBXFileReference; lastKnownFileType = sourcecode.swift; path = KeyboardBindingMapperTests.swift; sourceTree = "<group>"; };
		18F7C62CD7201633BF12BFB1 /* AppCompositionRoot.swift */ = {isa = PBXFileReference; lastKnownFileType = sourcecode.swift; path = AppCompositionRoot.swift; sourceTree = "<group>"; };
		1D33AA0FC3DEBDA4897EB11C /* SpaceThumbnailCache.swift */ = {isa = PBXFileReference; lastKnownFileType = sourcecode.swift; path = SpaceThumbnailCache.swift; sourceTree = "<group>"; };
		1E75E271F69A9BA5BE2F4522 /* AppIcon.icon */ = {isa = PBXFileReference; lastKnownFileType = wrapper.icon; path = AppIcon.icon; sourceTree = "<group>"; };
		29CB97F2B790875AE2813F87 /* SwitcherTestSupport.swift */ = {isa = PBXFileReference; lastKnownFileType = sourcecode.swift; path = SwitcherTestSupport.swift; sourceTree = "<group>"; };
		2C236432C8D68A8DA2CE898A /* CosmosAppTests.xctest */ = {isa = PBXFileReference; explicitFileType = wrapper.cfbundle; includeInIndex = 0; path = CosmosAppTests.xctest; sourceTree = BUILT_PRODUCTS_DIR; };
		31796FE52334A52C16A26B5F /* WindowRuntimeEventHandler.swift */ = {isa = PBXFileReference; lastKnownFileType = sourcecode.swift; path = WindowRuntimeEventHandler.swift; sourceTree = "<group>"; };
		37038C6E71932BA8C8D029BD /* SettingsModels.swift */ = {isa = PBXFileReference; lastKnownFileType = sourcecode.swift; path = SettingsModels.swift; sourceTree = "<group>"; };
		390C28C5D1B0C7757A62FFED /* ModifierFlagsMonitor.swift */ = {isa = PBXFileReference; lastKnownFileType = sourcecode.swift; path = ModifierFlagsMonitor.swift; sourceTree = "<group>"; };
		3A9715E6FAD84D639C012B47 /* SpaceThumbnailRenderer.swift */ = {isa = PBXFileReference; lastKnownFileType = sourcecode.swift; path = SpaceThumbnailRenderer.swift; sourceTree = "<group>"; };
		3B0CB6BE81CCA90D965BA053 /* AppearanceSettingsTests.swift */ = {isa = PBXFileReference; lastKnownFileType = sourcecode.swift; path = AppearanceSettingsTests.swift; sourceTree = "<group>"; };
		3D116B22259C91A8E99E96EF /* WindowSwitcherViews.swift */ = {isa = PBXFileReference; lastKnownFileType = sourcecode.swift; path = WindowSwitcherViews.swift; sourceTree = "<group>"; };
		427330055DBD8916856243BF /* ConfigErrorMessageTests.swift */ = {isa = PBXFileReference; lastKnownFileType = sourcecode.swift; path = ConfigErrorMessageTests.swift; sourceTree = "<group>"; };
		47815B96EB3BDF5149CE3905 /* SpaceSettingsViewController.swift */ = {isa = PBXFileReference; lastKnownFileType = sourcecode.swift; path = SpaceSettingsViewController.swift; sourceTree = "<group>"; };
		4805CB8CB28BF9396FEEBAB3 /* SwitcherPreviewServiceTests.swift */ = {isa = PBXFileReference; lastKnownFileType = sourcecode.swift; path = SwitcherPreviewServiceTests.swift; sourceTree = "<group>"; };
		486304735CA9CF52837D3D0A /* GeneralSettingsServiceTests.swift */ = {isa = PBXFileReference; lastKnownFileType = sourcecode.swift; path = GeneralSettingsServiceTests.swift; sourceTree = "<group>"; };
		51EFD77086498FA29C9CD2B7 /* CosmosApplication.swift */ = {isa = PBXFileReference; lastKnownFileType = sourcecode.swift; path = CosmosApplication.swift; sourceTree = "<group>"; };
		F1A001000000000000000002 /* ApplicationRuntimeHost.swift */ = {isa = PBXFileReference; lastKnownFileType = sourcecode.swift; path = ApplicationRuntimeHost.swift; sourceTree = "<group>"; };
		F1A001000000000000000004 /* SetupAgainConfirmation.swift */ = {isa = PBXFileReference; lastKnownFileType = sourcecode.swift; path = SetupAgainConfirmation.swift; sourceTree = "<group>"; };
		52301E71E0E42F07906619AB /* SwitcherOverlayWindowController.swift */ = {isa = PBXFileReference; lastKnownFileType = sourcecode.swift; path = SwitcherOverlayWindowController.swift; sourceTree = "<group>"; };
		583CADAAD9AFB41F03805EFE /* DebugStatusWindowController.swift */ = {isa = PBXFileReference; lastKnownFileType = sourcecode.swift; path = DebugStatusWindowController.swift; sourceTree = "<group>"; };
		611448DEB72AFF4B0F79536B /* SwitcherOutsideClickMonitor.swift */ = {isa = PBXFileReference; lastKnownFileType = sourcecode.swift; path = SwitcherOutsideClickMonitor.swift; sourceTree = "<group>"; };
		68C4E2176032B0FBFB059983 /* SwitcherOverlayContentController.swift */ = {isa = PBXFileReference; lastKnownFileType = sourcecode.swift; path = SwitcherOverlayContentController.swift; sourceTree = "<group>"; };
		6A3825B797E23797D8988D63 /* StatusMenuController.swift */ = {isa = PBXFileReference; lastKnownFileType = sourcecode.swift; path = StatusMenuController.swift; sourceTree = "<group>"; };
		6B48F56E9A562434FF7C0BE7 /* SpaceSettingsControls.swift */ = {isa = PBXFileReference; lastKnownFileType = sourcecode.swift; path = SpaceSettingsControls.swift; sourceTree = "<group>"; };
		71DF96855CCD916784F8E41B /* ApplicationIconCache.swift */ = {isa = PBXFileReference; lastKnownFileType = sourcecode.swift; path = ApplicationIconCache.swift; sourceTree = "<group>"; };
		73EC2EF8753A9300715E05E7 /* SettingsWindowController.swift */ = {isa = PBXFileReference; lastKnownFileType = sourcecode.swift; path = SettingsWindowController.swift; sourceTree = "<group>"; };
		78954AB3A0D6128B74568AAC /* main.swift */ = {isa = PBXFileReference; lastKnownFileType = sourcecode.swift; path = main.swift; sourceTree = "<group>"; };
		7A2D8F1E5C4B3A29081706F5 /* SettingsCoordinator.swift */ = {isa = PBXFileReference; lastKnownFileType = sourcecode.swift; path = SettingsCoordinator.swift; sourceTree = "<group>"; };
		7D93A2F8CD2DCF2867B59EDD /* SpaceIDPickerView.swift */ = {isa = PBXFileReference; lastKnownFileType = sourcecode.swift; path = SpaceIDPickerView.swift; sourceTree = "<group>"; };
		85DEB94005203CA045AFDC68 /* Log.swift */ = {isa = PBXFileReference; lastKnownFileType = sourcecode.swift; path = Log.swift; sourceTree = "<group>"; };
		893C57A28CC88D95E43CD308 /* SwitcherOverlayScreenLocator.swift */ = {isa = PBXFileReference; lastKnownFileType = sourcecode.swift; path = SwitcherOverlayScreenLocator.swift; sourceTree = "<group>"; };
		8FD26F3B9A7C423345FB165C /* CarbonKeyboardBackend.swift */ = {isa = PBXFileReference; lastKnownFileType = sourcecode.swift; path = CarbonKeyboardBackend.swift; sourceTree = "<group>"; };
		9D836316F9AF909F35996C40 /* WindowThumbnailCache.swift */ = {isa = PBXFileReference; lastKnownFileType = sourcecode.swift; path = WindowThumbnailCache.swift; sourceTree = "<group>"; };
		A10000000000000000000001 /* KeyboardShortcutKeyCodec.swift */ = {isa = PBXFileReference; lastKnownFileType = sourcecode.swift; path = KeyboardShortcutKeyCodec.swift; sourceTree = "<group>"; };
		A20000000000000000000001 /* SettingsControls.swift */ = {isa = PBXFileReference; lastKnownFileType = sourcecode.swift; path = SettingsControls.swift; sourceTree = "<group>"; };
		A30000000000000000000001 /* OnboardingCoordinator.swift */ = {isa = PBXFileReference; lastKnownFileType = sourcecode.swift; path = OnboardingCoordinator.swift; sourceTree = "<group>"; };
		A30000000000000000000003 /* OnboardingStateStore.swift */ = {isa = PBXFileReference; lastKnownFileType = sourcecode.swift; path = OnboardingStateStore.swift; sourceTree = "<group>"; };
		A30000000000000000000005 /* OnboardingPermissionViewController.swift */ = {isa = PBXFileReference; lastKnownFileType = sourcecode.swift; path = OnboardingPermissionViewController.swift; sourceTree = "<group>"; };
		A40000000000000000000001 /* SpaceApplicationIconStripView.swift */ = {isa = PBXFileReference; lastKnownFileType = sourcecode.swift; path = SpaceApplicationIconStripView.swift; sourceTree = "<group>"; };
		A768E125FDF463F09E5E8C03 /* GeneralSettingsService.swift */ = {isa = PBXFileReference; lastKnownFileType = sourcecode.swift; path = GeneralSettingsService.swift; sourceTree = "<group>"; };
		A9FB7A938AAFD7A05CC4F513 /* AppDelegate.swift */ = {isa = PBXFileReference; lastKnownFileType = sourcecode.swift; path = AppDelegate.swift; sourceTree = "<group>"; };
		AE078C07E8072EB07D79443C /* DebugStatusRenderer.swift */ = {isa = PBXFileReference; lastKnownFileType = sourcecode.swift; path = DebugStatusRenderer.swift; sourceTree = "<group>"; };
		AF986B83D1099D20B599B0AB /* SpaceSwitcherOverviewView.swift */ = {isa = PBXFileReference; lastKnownFileType = sourcecode.swift; path = SpaceSwitcherOverviewView.swift; sourceTree = "<group>"; };
		AFC1381DA606DA19582F435F /* cosmos */ = {isa = PBXFileReference; lastKnownFileType = folder; name = cosmos; path = ../..; sourceTree = SOURCE_ROOT; };
		B3B34FA1681B2CABA63E153F /* SpaceActionController.swift */ = {isa = PBXFileReference; lastKnownFileType = sourcecode.swift; path = SpaceActionController.swift; sourceTree = "<group>"; };
		BA153E480398570D63C3B9A7 /* SwitcherModels.swift */ = {isa = PBXFileReference; lastKnownFileType = sourcecode.swift; path = SwitcherModels.swift; sourceTree = "<group>"; };
		BD745663A02D39267FBA0036 /* ShortcutRecorderButtonTests.swift */ = {isa = PBXFileReference; lastKnownFileType = sourcecode.swift; path = ShortcutRecorderButtonTests.swift; sourceTree = "<group>"; };
		BD98A4B57009D3E5C86143DF /* SettingsSidebarViewController.swift */ = {isa = PBXFileReference; lastKnownFileType = sourcecode.swift; path = SettingsSidebarViewController.swift; sourceTree = "<group>"; };
		C78A5A1E9273B38D6A3B86FB /* ApplicationIconCacheTests.swift */ = {isa = PBXFileReference; lastKnownFileType = sourcecode.swift; path = ApplicationIconCacheTests.swift; sourceTree = "<group>"; };
		C7A2E9B4D1F6483A95B0C6E7 /* SpaceSettingsService.swift */ = {isa = PBXFileReference; lastKnownFileType = sourcecode.swift; path = SpaceSettingsService.swift; sourceTree = "<group>"; };
		C80000000000000000000001 /* SpaceSwitchCommand.swift */ = {isa = PBXFileReference; lastKnownFileType = sourcecode.swift; path = SpaceSwitchCommand.swift; sourceTree = "<group>"; };
		C80000000000000000000003 /* SpaceSwitchCommandTests.swift */ = {isa = PBXFileReference; lastKnownFileType = sourcecode.swift; path = SpaceSwitchCommandTests.swift; sourceTree = "<group>"; };
		C8561E548E557C8E30D6F79D /* ModifierFlagsMonitorTests.swift */ = {isa = PBXFileReference; lastKnownFileType = sourcecode.swift; path = ModifierFlagsMonitorTests.swift; sourceTree = "<group>"; };
		C983C270D0A6097DF02120C7 /* ConfigRuntimeTests.swift */ = {isa = PBXFileReference; lastKnownFileType = sourcecode.swift; path = ConfigRuntimeTests.swift; sourceTree = "<group>"; };
		C9D154A0E7B2436F8A0C5D12 /* ConfigRuntimeTestSupport.swift */ = {isa = PBXFileReference; lastKnownFileType = sourcecode.swift; path = ConfigRuntimeTestSupport.swift; sourceTree = "<group>"; };
		D10000000000000000000001 /* ConfigRuntimeDesiredStateTests.swift */ = {isa = PBXFileReference; lastKnownFileType = sourcecode.swift; path = ConfigRuntimeDesiredStateTests.swift; sourceTree = "<group>"; };
		D00F18C90C9A49A0944B0E44 /* KeyboardBindingMapper.swift */ = {isa = PBXFileReference; lastKnownFileType = sourcecode.swift; path = KeyboardBindingMapper.swift; sourceTree = "<group>"; };
		D136051710ECBADAA14E0522 /* AXApplicationObserverRegistry.swift */ = {isa = PBXFileReference; lastKnownFileType = sourcecode.swift; path = AXApplicationObserverRegistry.swift; sourceTree = "<group>"; };
		D7ADAC95348EF0FBF0BEF484 /* GeneralSettingsViewController.swift */ = {isa = PBXFileReference; lastKnownFileType = sourcecode.swift; path = GeneralSettingsViewController.swift; sourceTree = "<group>"; };
		DDACEBD8721870102202C889 /* KeyboardShortcutManagerTests.swift */ = {isa = PBXFileReference; lastKnownFileType = sourcecode.swift; path = KeyboardShortcutManagerTests.swift; sourceTree = "<group>"; };
		E24246563E59CD46975B43C7 /* AccessibilityPermissionController.swift */ = {isa = PBXFileReference; lastKnownFileType = sourcecode.swift; path = AccessibilityPermissionController.swift; sourceTree = "<group>"; };
		E2B089E94FB0F81FFD08BF8D /* SpaceDisplayArrangementView.swift */ = {isa = PBXFileReference; lastKnownFileType = sourcecode.swift; path = SpaceDisplayArrangementView.swift; sourceTree = "<group>"; };
		E2EA481F06B2FE09F3944553 /* AppRuntime.swift */ = {isa = PBXFileReference; lastKnownFileType = sourcecode.swift; path = AppRuntime.swift; sourceTree = "<group>"; };
		E3E7D9BDF57C766FD89FDCAA /* WindowEventMonitor.swift */ = {isa = PBXFileReference; lastKnownFileType = sourcecode.swift; path = WindowEventMonitor.swift; sourceTree = "<group>"; };
		E743C48B4AD98EC70F9D91DB /* AppProfile.swift */ = {isa = PBXFileReference; lastKnownFileType = sourcecode.swift; path = AppProfile.swift; sourceTree = "<group>"; };
		E90000000000000000000001 /* DisplayReconfigurationMonitor.swift */ = {isa = PBXFileReference; lastKnownFileType = sourcecode.swift; path = DisplayReconfigurationMonitor.swift; sourceTree = "<group>"; };
		F173A36FA5FEF966E4045361 /* AppSettingsStore.swift */ = {isa = PBXFileReference; lastKnownFileType = sourcecode.swift; path = AppSettingsStore.swift; sourceTree = "<group>"; };
		F45070B9F813E6A9A1BA0D0E /* KeyboardShortcutResolver.swift */ = {isa = PBXFileReference; lastKnownFileType = sourcecode.swift; path = KeyboardShortcutResolver.swift; sourceTree = "<group>"; };
		F69A22CC6D1A445A26A5BDBF /* SpaceSettingsTests.swift */ = {isa = PBXFileReference; lastKnownFileType = sourcecode.swift; path = SpaceSettingsTests.swift; sourceTree = "<group>"; };
		F8C4BF202BF4D09ADA3BDB86 /* SwitcherPreviewService.swift */ = {isa = PBXFileReference; lastKnownFileType = sourcecode.swift; path = SwitcherPreviewService.swift; sourceTree = "<group>"; };
		FAEF94D847B787BE09CB8DCC /* SwitcherCoordinator.swift */ = {isa = PBXFileReference; lastKnownFileType = sourcecode.swift; path = SwitcherCoordinator.swift; sourceTree = "<group>"; };
		FBE868569917C24AF9517952 /* AppProfileTests.swift */ = {isa = PBXFileReference; lastKnownFileType = sourcecode.swift; path = AppProfileTests.swift; sourceTree = "<group>"; };
		A60000000000000000000001 /* Version.xcconfig */ = {isa = PBXFileReference; lastKnownFileType = text.xcconfig; path = Version.xcconfig; sourceTree = "<group>"; };
/* End PBXFileReference section */

/* Begin PBXFrameworksBuildPhase section */
		BF7BC4EC05EF4BC7898CDF18 /* Frameworks */ = {
			isa = PBXFrameworksBuildPhase;
			buildActionMask = 2147483647;
			files = (
				26521A718D356FFDEDEB99AE /* CosmosCore in Frameworks */,
			);
			runOnlyForDeploymentPostprocessing = 0;
		};
		D7CAA29BBD980255E320F714 /* Frameworks */ = {
			isa = PBXFrameworksBuildPhase;
			buildActionMask = 2147483647;
			files = (
				EFCF42B4F9D11EFA893BC4C9 /* CosmosCore in Frameworks */,
			);
			runOnlyForDeploymentPostprocessing = 0;
		};
/* End PBXFrameworksBuildPhase section */

/* Begin PBXGroup section */
		02AAB2796AC6A590D0805D6A /* Runtime */ = {
			isa = PBXGroup;
			children = (
				E24246563E59CD46975B43C7 /* AccessibilityPermissionController.swift */,
				18F7C62CD7201633BF12BFB1 /* AppCompositionRoot.swift */,
				A9FB7A938AAFD7A05CC4F513 /* AppDelegate.swift */,
				E743C48B4AD98EC70F9D91DB /* AppProfile.swift */,
				E2EA481F06B2FE09F3944553 /* AppRuntime.swift */,
				F1A001000000000000000002 /* ApplicationRuntimeHost.swift */,
				D136051710ECBADAA14E0522 /* AXApplicationObserverRegistry.swift */,
				0A65ED208864F99A20C9A0BF /* ConfigRuntime.swift */,
				51EFD77086498FA29C9CD2B7 /* CosmosApplication.swift */,
				E90000000000000000000001 /* DisplayReconfigurationMonitor.swift */,
				85DEB94005203CA045AFDC68 /* Log.swift */,
				A30000000000000000000001 /* OnboardingCoordinator.swift */,
				A30000000000000000000005 /* OnboardingPermissionViewController.swift */,
				A30000000000000000000003 /* OnboardingStateStore.swift */,
				6A3825B797E23797D8988D63 /* StatusMenuController.swift */,
				170000000000000000000001 /* TerminationSignalMonitor.swift */,
				E3E7D9BDF57C766FD89FDCAA /* WindowEventMonitor.swift */,
				120000000000000000000001 /* WindowRuntimeEvent.swift */,
				31796FE52334A52C16A26B5F /* WindowRuntimeEventHandler.swift */,
				B3B34FA1681B2CABA63E153F /* SpaceActionController.swift */,
				C80000000000000000000001 /* SpaceSwitchCommand.swift */,
			);
			path = Runtime;
			sourceTree = "<group>";
		};
		2799F72E834F78DA1BCF2017 /* Switcher */ = {
			isa = PBXGroup;
			children = (
				71DF96855CCD916784F8E41B /* ApplicationIconCache.swift */,
				FAEF94D847B787BE09CB8DCC /* SwitcherCoordinator.swift */,
				120000000000000000000002 /* SwitcherAnchorFrameResolver.swift */,
				BA153E480398570D63C3B9A7 /* SwitcherModels.swift */,
				611448DEB72AFF4B0F79536B /* SwitcherOutsideClickMonitor.swift */,
				893C57A28CC88D95E43CD308 /* SwitcherOverlayScreenLocator.swift */,
				68C4E2176032B0FBFB059983 /* SwitcherOverlayContentController.swift */,
				52301E71E0E42F07906619AB /* SwitcherOverlayWindowController.swift */,
				F8C4BF202BF4D09ADA3BDB86 /* SwitcherPreviewService.swift */,
				3D116B22259C91A8E99E96EF /* WindowSwitcherViews.swift */,
				9D836316F9AF909F35996C40 /* WindowThumbnailCache.swift */,
				A40000000000000000000001 /* SpaceApplicationIconStripView.swift */,
				AF986B83D1099D20B599B0AB /* SpaceSwitcherOverviewView.swift */,
				1D33AA0FC3DEBDA4897EB11C /* SpaceThumbnailCache.swift */,
				3A9715E6FAD84D639C012B47 /* SpaceThumbnailRenderer.swift */,
			);
			path = Switcher;
			sourceTree = "<group>";
		};
		39C797E23DC051BDC4241229 /* Products */ = {
			isa = PBXGroup;
			children = (
				01F67CB28B6CB06F4DB03B50 /* Cosmos Dev.app */,
				2C236432C8D68A8DA2CE898A /* CosmosAppTests.xctest */,
			);
			name = Products;
			sourceTree = "<group>";
		};
		39F570AE3D1CCA2988D50782 = {
			isa = PBXGroup;
			children = (
				1E75E271F69A9BA5BE2F4522 /* AppIcon.icon */,
				A60000000000000000000001 /* Version.xcconfig */,
				78954AB3A0D6128B74568AAC /* main.swift */,
				6306FCA24E002D8F4824E82C /* CosmosApp */,
				5979B6FC9C884270D568548F /* CosmosAppTests */,
				AE3C16C762BCB4EF1B98164D /* Packages */,
				39C797E23DC051BDC4241229 /* Products */,
			);
			sourceTree = "<group>";
		};
		5979B6FC9C884270D568548F /* CosmosAppTests */ = {
			isa = PBXGroup;
			children = (
				3B0CB6BE81CCA90D965BA053 /* AppearanceSettingsTests.swift */,
				C78A5A1E9273B38D6A3B86FB /* ApplicationIconCacheTests.swift */,
				FBE868569917C24AF9517952 /* AppProfileTests.swift */,
				427330055DBD8916856243BF /* ConfigErrorMessageTests.swift */,
				D10000000000000000000001 /* ConfigRuntimeDesiredStateTests.swift */,
				C9D154A0E7B2436F8A0C5D12 /* ConfigRuntimeTestSupport.swift */,
				C983C270D0A6097DF02120C7 /* ConfigRuntimeTests.swift */,
				486304735CA9CF52837D3D0A /* GeneralSettingsServiceTests.swift */,
				16D380443AEF1B4BCA55AD49 /* KeyboardBindingMapperTests.swift */,
				DDACEBD8721870102202C889 /* KeyboardShortcutManagerTests.swift */,
				C8561E548E557C8E30D6F79D /* ModifierFlagsMonitorTests.swift */,
				BD745663A02D39267FBA0036 /* ShortcutRecorderButtonTests.swift */,
				C80000000000000000000003 /* SpaceSwitchCommandTests.swift */,
				140000000000000000000001 /* SpaceDisplayArrangementTests.swift */,
				140000000000000000000002 /* SpaceIDPickerTests.swift */,
				1501C2846013654EA452412B /* SwitcherCoordinatorTests.swift */,
				140000000000000000000007 /* SwitcherInteractionPolicyTests.swift */,
				170000000000000000000002 /* TerminationSignalMonitorTests.swift */,
				4805CB8CB28BF9396FEEBAB3 /* SwitcherPreviewServiceTests.swift */,
				140000000000000000000005 /* SpaceSwitcherLayoutTests.swift */,
				140000000000000000000006 /* SpaceThumbnailTests.swift */,
				29CB97F2B790875AE2813F87 /* SwitcherTestSupport.swift */,
				B70000000000000000000001 /* WindowRuntimeFocusEventTests.swift */,
				140000000000000000000008 /* WindowRuntimeEventConcurrencyTests.swift */,
				140000000000000000000009 /* WindowRuntimeEventHandlerTests.swift */,
				0A92B6BA939074278B64728C /* WindowRuntimeEventTests.swift */,
				B70000000000000000000003 /* WindowThumbnailCacheTests.swift */,
				F69A22CC6D1A445A26A5BDBF /* SpaceSettingsTests.swift */,
				140000000000000000000003 /* SpaceSettingsViewStateTests.swift */,
				140000000000000000000004 /* SpaceSettingsViewTests.swift */,
			);
			name = CosmosAppTests;
			path = ../../Tests/CosmosAppTests;
			sourceTree = "<group>";
		};
		6306FCA24E002D8F4824E82C /* CosmosApp */ = {
			isa = PBXGroup;
			children = (
				A311CDA675678710D99B762A /* Debug */,
				02AAB2796AC6A590D0805D6A /* Runtime */,
				B17519056637567AC2843113 /* Settings */,
				DA4514B7E443BD2C0C7B1168 /* Shortcuts */,
				2799F72E834F78DA1BCF2017 /* Switcher */,
			);
			name = CosmosApp;
			path = ../../Sources/CosmosApp;
			sourceTree = "<group>";
		};
		A311CDA675678710D99B762A /* Debug */ = {
			isa = PBXGroup;
			children = (
				AE078C07E8072EB07D79443C /* DebugStatusRenderer.swift */,
				583CADAAD9AFB41F03805EFE /* DebugStatusWindowController.swift */,
			);
			path = Debug;
			sourceTree = "<group>";
		};
		AE3C16C762BCB4EF1B98164D /* Packages */ = {
			isa = PBXGroup;
			children = (
				AFC1381DA606DA19582F435F /* cosmos */,
			);
			name = Packages;
			sourceTree = "<group>";
		};
		B17519056637567AC2843113 /* Settings */ = {
			isa = PBXGroup;
			children = (
				0AB6658ACEEE29E202956EFB /* SwitcherSettingsViewController.swift */,
				B5E38C9D0A2F4713B8426A01 /* WindowSettingsViewController.swift */,
				F173A36FA5FEF966E4045361 /* AppSettingsStore.swift */,
				A768E125FDF463F09E5E8C03 /* GeneralSettingsService.swift */,
				D7ADAC95348EF0FBF0BEF484 /* GeneralSettingsViewController.swift */,
				F1A001000000000000000004 /* SetupAgainConfirmation.swift */,
				120000000000000000000003 /* GeneralSettingsViewFactory.swift */,
				37038C6E71932BA8C8D029BD /* SettingsModels.swift */,
				7A2D8F1E5C4B3A29081706F5 /* SettingsCoordinator.swift */,
				BD98A4B57009D3E5C86143DF /* SettingsSidebarViewController.swift */,
				A20000000000000000000001 /* SettingsControls.swift */,
				73EC2EF8753A9300715E05E7 /* SettingsWindowController.swift */,
				07BEFE5DD28D09E37156901C /* ShortcutRecorderButton.swift */,
				E2B089E94FB0F81FFD08BF8D /* SpaceDisplayArrangementView.swift */,
				120000000000000000000005 /* SpaceDisplayCardView.swift */,
				120000000000000000000006 /* SpaceDisplayPillViews.swift */,
				7D93A2F8CD2DCF2867B59EDD /* SpaceIDPickerView.swift */,
				6B48F56E9A562434FF7C0BE7 /* SpaceSettingsControls.swift */,
				C7A2E9B4D1F6483A95B0C6E7 /* SpaceSettingsService.swift */,
				47815B96EB3BDF5149CE3905 /* SpaceSettingsViewController.swift */,
				120000000000000000000004 /* SpaceSettingsViewFactory.swift */,
			);
			path = Settings;
			sourceTree = "<group>";
		};
		DA4514B7E443BD2C0C7B1168 /* Shortcuts */ = {
			isa = PBXGroup;
			children = (
				8FD26F3B9A7C423345FB165C /* CarbonKeyboardBackend.swift */,
				D00F18C90C9A49A0944B0E44 /* KeyboardBindingMapper.swift */,
				14F9C6E1BAFBCE1ADE3CEAB5 /* KeyboardShortcutManager.swift */,
				A10000000000000000000001 /* KeyboardShortcutKeyCodec.swift */,
				F45070B9F813E6A9A1BA0D0E /* KeyboardShortcutResolver.swift */,
				390C28C5D1B0C7757A62FFED /* ModifierFlagsMonitor.swift */,
			);
			path = Shortcuts;
			sourceTree = "<group>";
		};
/* End PBXGroup section */

/* Begin PBXNativeTarget section */
		6D660F6F9447561D297B18B7 /* Cosmos */ = {
			isa = PBXNativeTarget;
			buildConfigurationList = 6B6CC8613FA8FF9FF44A01C7 /* Build configuration list for PBXNativeTarget "Cosmos" */;
			buildPhases = (
				1CD403810586758CABFF4F7C /* Sources */,
				36B8801C0E6C444B3C6C0F36 /* Resources */,
				D7CAA29BBD980255E320F714 /* Frameworks */,
			);
			buildRules = (
			);
			dependencies = (
			);
			name = Cosmos;
			packageProductDependencies = (
				5B43D1C8FC0F4AD4173F2A0C /* CosmosCore */,
			);
			productName = Cosmos;
			productReference = 01F67CB28B6CB06F4DB03B50 /* Cosmos Dev.app */;
			productType = "com.apple.product-type.application";
		};
		E966352D5B53BC5DA34D359F /* CosmosAppTests */ = {
			isa = PBXNativeTarget;
			buildConfigurationList = 07DB6B20A5A906263F768255 /* Build configuration list for PBXNativeTarget "CosmosAppTests" */;
			buildPhases = (
				F1C5D068F28A3EB6E3E091F4 /* Sources */,
				BF7BC4EC05EF4BC7898CDF18 /* Frameworks */,
			);
			buildRules = (
			);
			dependencies = (
				3696E37AA4AEDAAB32D9816E /* PBXTargetDependency */,
			);
			name = CosmosAppTests;
			packageProductDependencies = (
				F3C6C1E01E2790DBD1C8759D /* CosmosCore */,
			);
			productName = CosmosAppTests;
			productReference = 2C236432C8D68A8DA2CE898A /* CosmosAppTests.xctest */;
			productType = "com.apple.product-type.bundle.unit-test";
		};
/* End PBXNativeTarget section */

/* Begin PBXProject section */
		7DBFE0581C5D6629E69CCD5B /* Project object */ = {
			isa = PBXProject;
			attributes = {
				BuildIndependentTargetsInParallel = YES;
				LastUpgradeCheck = 1430;
			};
			buildConfigurationList = CF39F17CA13D0EF310945F82 /* Build configuration list for PBXProject "Cosmos" */;
			compatibilityVersion = "Xcode 15.0";
			developmentRegion = en;
			hasScannedForEncodings = 0;
			knownRegions = (
				Base,
				en,
			);
			mainGroup = 39F570AE3D1CCA2988D50782;
			minimizedProjectReferenceProxies = 1;
			packageReferences = (
				EB6D50EA35444DD0A860C849 /* XCLocalSwiftPackageReference "../.." */,
			);
			productRefGroup = 39C797E23DC051BDC4241229 /* Products */;
			projectDirPath = "";
			projectRoot = "";
			targets = (
				6D660F6F9447561D297B18B7 /* Cosmos */,
				E966352D5B53BC5DA34D359F /* CosmosAppTests */,
			);
		};
/* End PBXProject section */

/* Begin PBXResourcesBuildPhase section */
		36B8801C0E6C444B3C6C0F36 /* Resources */ = {
			isa = PBXResourcesBuildPhase;
			buildActionMask = 2147483647;
			files = (
				6641E4BE05BF77EAECA37995 /* AppIcon.icon in Resources */,
			);
			runOnlyForDeploymentPostprocessing = 0;
		};
/* End PBXResourcesBuildPhase section */

/* Begin PBXSourcesBuildPhase section */
		1CD403810586758CABFF4F7C /* Sources */ = {
			isa = PBXSourcesBuildPhase;
			buildActionMask = 2147483647;
			files = (
				7FBE0ACE319981890CF8C4E4 /* AXApplicationObserverRegistry.swift in Sources */,
				11A0AF43C6E2E49C0E2F6B79 /* AccessibilityPermissionController.swift in Sources */,
				AFFC41ECBD3D513B734548D5 /* AppCompositionRoot.swift in Sources */,
				18F41F9C9D60790491DE6F6D /* AppDelegate.swift in Sources */,
				637F851D0D69992CE7DEA059 /* AppProfile.swift in Sources */,
				3E818739319D8EA745B7E9EE /* AppRuntime.swift in Sources */,
				20ADBC8E9B5F39D7C26CFD6F /* AppSettingsStore.swift in Sources */,
				9423832A9D75720ED5792FF2 /* SwitcherSettingsViewController.swift in Sources */,
				A4F27D8C9B1E4602A7315F90 /* WindowSettingsViewController.swift in Sources */,
				2EAB9914186BA0D707335CC3 /* ApplicationIconCache.swift in Sources */,
				7B499687C67A954ADA0B8D84 /* CarbonKeyboardBackend.swift in Sources */,
				05B449515D343165571F9C0F /* ConfigRuntime.swift in Sources */,
				110000000000000000000001 /* WindowRuntimeEvent.swift in Sources */,
				110000000000000000000002 /* SwitcherAnchorFrameResolver.swift in Sources */,
				110000000000000000000003 /* GeneralSettingsViewFactory.swift in Sources */,
				110000000000000000000004 /* SpaceSettingsViewFactory.swift in Sources */,
				110000000000000000000005 /* SpaceDisplayCardView.swift in Sources */,
				110000000000000000000006 /* SpaceDisplayPillViews.swift in Sources */,
				0DD6BEA2B2DDC73C12A4722B /* DebugStatusRenderer.swift in Sources */,
				909EE7F746FA13213655A7B5 /* DebugStatusWindowController.swift in Sources */,
				1A9D527F619FAA4D9792FDAE /* GeneralSettingsService.swift in Sources */,
				5E095B003AD180055EE94BDD /* GeneralSettingsViewController.swift in Sources */,
				57D2C290F63B6DC064484F36 /* KeyboardBindingMapper.swift in Sources */,
				BBFDF71D4E1F760F49FEDA7D /* KeyboardShortcutManager.swift in Sources */,
				A10000000000000000000002 /* KeyboardShortcutKeyCodec.swift in Sources */,
				F05CFA47B9510E0F555FACA1 /* KeyboardShortcutResolver.swift in Sources */,
				0C1C6E3D55E91C177A67B9BF /* CosmosApplication.swift in Sources */,
				F1A001000000000000000001 /* ApplicationRuntimeHost.swift in Sources */,
				F1A001000000000000000003 /* SetupAgainConfirmation.swift in Sources */,
				3FBB8C9396F8E56C9F176DEC /* Log.swift in Sources */,
				78E3D54448546695C1157733 /* ModifierFlagsMonitor.swift in Sources */,
				A30000000000000000000002 /* OnboardingCoordinator.swift in Sources */,
				A30000000000000000000006 /* OnboardingPermissionViewController.swift in Sources */,
				A30000000000000000000004 /* OnboardingStateStore.swift in Sources */,
				E270DA89AF461A93A7D221BB /* SettingsModels.swift in Sources */,
				A20000000000000000000002 /* SettingsControls.swift in Sources */,
				8B3E9A2F6D5C4B3A291807F6 /* SettingsCoordinator.swift in Sources */,
				D0E2701C32425F66ADDFFA23 /* SettingsSidebarViewController.swift in Sources */,
				BCF09CE4E530BE98F7898BDC /* SettingsWindowController.swift in Sources */,
				4E609D9E3E801C76BA320A69 /* ShortcutRecorderButton.swift in Sources */,
				E90000000000000000000002 /* DisplayReconfigurationMonitor.swift in Sources */,
				61E8BB1A23DA8DD5914DE18B /* StatusMenuController.swift in Sources */,
				160000000000000000000001 /* TerminationSignalMonitor.swift in Sources */,
				2802C58497F496DA2BB708BC /* SwitcherCoordinator.swift in Sources */,
				3493FA7A3E90533D8A3D86C2 /* SwitcherModels.swift in Sources */,
				C6207F73F6468BA74A93962F /* SwitcherOutsideClickMonitor.swift in Sources */,
				E92D2447C5BAF8D1808B1E69 /* SwitcherOverlayScreenLocator.swift in Sources */,
				139433CB2444ABF47F67F81D /* SwitcherOverlayContentController.swift in Sources */,
				12AF4B2AB3DD3FE742A6D75F /* SwitcherOverlayWindowController.swift in Sources */,
				2F75CA4F3F97B883E9EF9EA3 /* SwitcherPreviewService.swift in Sources */,
				D39F65D1BC374C99127A8D68 /* WindowEventMonitor.swift in Sources */,
				92B8545DC0656A22DA01E6E0 /* WindowRuntimeEventHandler.swift in Sources */,
				B6EC5A0D09D5A2F3AFE4FDDC /* WindowSwitcherViews.swift in Sources */,
				AD3C9F770A3E7BB6FD128250 /* WindowThumbnailCache.swift in Sources */,
				DCD3AFCB4077734C0FFFE6B7 /* SpaceActionController.swift in Sources */,
				C80000000000000000000002 /* SpaceSwitchCommand.swift in Sources */,
				AC7401A6054135050A1E735B /* SpaceDisplayArrangementView.swift in Sources */,
				1E49B10AC10800C97E5BF6D1 /* SpaceIDPickerView.swift in Sources */,
				D754CAD09C22C249C9404B93 /* SpaceSettingsControls.swift in Sources */,
				D8E1F46A2B7C4A9180D5E3F2 /* SpaceSettingsService.swift in Sources */,
				2D7B5E58F23E5A423FA04C00 /* SpaceSettingsViewController.swift in Sources */,
				A40000000000000000000002 /* SpaceApplicationIconStripView.swift in Sources */,
				C6AB3B48A43C09930696E69B /* SpaceSwitcherOverviewView.swift in Sources */,
				50C8D0A9EA5020F337960072 /* SpaceThumbnailCache.swift in Sources */,
				52F6A81C74D04B71A6B908E2 /* SpaceThumbnailRenderer.swift in Sources */,
				A8B9D45A5C29B03AAE17A866 /* main.swift in Sources */,
			);
			runOnlyForDeploymentPostprocessing = 0;
		};
		F1C5D068F28A3EB6E3E091F4 /* Sources */ = {
			isa = PBXSourcesBuildPhase;
			buildActionMask = 2147483647;
			files = (
				174246513F2773F683560065 /* AppProfileTests.swift in Sources */,
				01E6F2718D58B5B5E3810A9D /* AppearanceSettingsTests.swift in Sources */,
				20CD571493F6F5689F219170 /* ApplicationIconCacheTests.swift in Sources */,
				EAC517820C888BB589E35CAE /* ConfigErrorMessageTests.swift in Sources */,
				D10000000000000000000002 /* ConfigRuntimeDesiredStateTests.swift in Sources */,
				33A74C0D6B1E4F2A8C5097D3 /* ConfigRuntimeTestSupport.swift in Sources */,
				334D4C006BCF03901297125C /* ConfigRuntimeTests.swift in Sources */,
				CDF7FC65C62326A5D21823B9 /* GeneralSettingsServiceTests.swift in Sources */,
				7B0243E63D099212BB53838F /* KeyboardBindingMapperTests.swift in Sources */,
				64C1040CFE51AE6FD9861933 /* KeyboardShortcutManagerTests.swift in Sources */,
				4D23DABCA127F1A7B951376D /* ModifierFlagsMonitorTests.swift in Sources */,
				02078B0FA0D39D63388487B9 /* ShortcutRecorderButtonTests.swift in Sources */,
				C80000000000000000000004 /* SpaceSwitchCommandTests.swift in Sources */,
				130000000000000000000001 /* SpaceDisplayArrangementTests.swift in Sources */,
				130000000000000000000002 /* SpaceIDPickerTests.swift in Sources */,
				951CA33D24DDB240318CB7EA /* SwitcherCoordinatorTests.swift in Sources */,
				130000000000000000000007 /* SwitcherInteractionPolicyTests.swift in Sources */,
				160000000000000000000002 /* TerminationSignalMonitorTests.swift in Sources */,
				F352BA5B165A0FD7BBBCE15C /* SwitcherPreviewServiceTests.swift in Sources */,
				130000000000000000000005 /* SpaceSwitcherLayoutTests.swift in Sources */,
				130000000000000000000006 /* SpaceThumbnailTests.swift in Sources */,
				30EE3B3E8B71E27139685497 /* SwitcherTestSupport.swift in Sources */,
				B70000000000000000000002 /* WindowRuntimeFocusEventTests.swift in Sources */,
				130000000000000000000008 /* WindowRuntimeEventConcurrencyTests.swift in Sources */,
				130000000000000000000009 /* WindowRuntimeEventHandlerTests.swift in Sources */,
				CD5CE66E2347BC5BAC2B129E /* WindowRuntimeEventTests.swift in Sources */,
				B70000000000000000000004 /* WindowThumbnailCacheTests.swift in Sources */,
				B6B8DCB9229512FE3511DC5D /* SpaceSettingsTests.swift in Sources */,
				130000000000000000000003 /* SpaceSettingsViewStateTests.swift in Sources */,
				130000000000000000000004 /* SpaceSettingsViewTests.swift in Sources */,
			);
			runOnlyForDeploymentPostprocessing = 0;
		};
/* End PBXSourcesBuildPhase section */

/* Begin PBXTargetDependency section */
		3696E37AA4AEDAAB32D9816E /* PBXTargetDependency */ = {
			isa = PBXTargetDependency;
			target = 6D660F6F9447561D297B18B7 /* Cosmos */;
			targetProxy = 4B2612BDBFF447A7007298C6 /* PBXContainerItemProxy */;
		};
/* End PBXTargetDependency section */

/* Begin XCBuildConfiguration section */
		1873CFA211A2A7D5B2C87A7A /* Debug */ = {
			isa = XCBuildConfiguration;
			buildSettings = {
				ALWAYS_SEARCH_USER_PATHS = NO;
				CLANG_ANALYZER_NONNULL = YES;
				CLANG_ANALYZER_NUMBER_OBJECT_CONVERSION = YES_AGGRESSIVE;
				CLANG_CXX_LANGUAGE_STANDARD = "gnu++14";
				CLANG_CXX_LIBRARY = "libc++";
				CLANG_ENABLE_MODULES = YES;
				CLANG_ENABLE_OBJC_ARC = YES;
				CLANG_ENABLE_OBJC_WEAK = YES;
				CLANG_WARN_BLOCK_CAPTURE_AUTORELEASING = YES;
				CLANG_WARN_BOOL_CONVERSION = YES;
				CLANG_WARN_COMMA = YES;
				CLANG_WARN_CONSTANT_CONVERSION = YES;
				CLANG_WARN_DEPRECATED_OBJC_IMPLEMENTATIONS = YES;
				CLANG_WARN_DIRECT_OBJC_ISA_USAGE = YES_ERROR;
				CLANG_WARN_DOCUMENTATION_COMMENTS = YES;
				CLANG_WARN_EMPTY_BODY = YES;
				CLANG_WARN_ENUM_CONVERSION = YES;
				CLANG_WARN_INFINITE_RECURSION = YES;
				CLANG_WARN_INT_CONVERSION = YES;
				CLANG_WARN_NON_LITERAL_NULL_CONVERSION = YES;
				CLANG_WARN_OBJC_IMPLICIT_RETAIN_SELF = YES;
				CLANG_WARN_OBJC_LITERAL_CONVERSION = YES;
				CLANG_WARN_OBJC_ROOT_CLASS = YES_ERROR;
				CLANG_WARN_QUOTED_INCLUDE_IN_FRAMEWORK_HEADER = YES;
				CLANG_WARN_RANGE_LOOP_ANALYSIS = YES;
				CLANG_WARN_STRICT_PROTOTYPES = YES;
				CLANG_WARN_SUSPICIOUS_MOVE = YES;
				CLANG_WARN_UNGUARDED_AVAILABILITY = YES_AGGRESSIVE;
				CLANG_WARN_UNREACHABLE_CODE = YES;
				CLANG_WARN__DUPLICATE_METHOD_MATCH = YES;
				COPY_PHASE_STRIP = NO;
				DEBUG_INFORMATION_FORMAT = dwarf;
				ENABLE_STRICT_OBJC_MSGSEND = YES;
				ENABLE_TESTABILITY = YES;
				GCC_C_LANGUAGE_STANDARD = gnu11;
				GCC_DYNAMIC_NO_PIC = NO;
				GCC_NO_COMMON_BLOCKS = YES;
				GCC_OPTIMIZATION_LEVEL = 0;
				GCC_PREPROCESSOR_DEFINITIONS = (
					"$(inherited)",
					"DEBUG=1",
				);
				GCC_WARN_64_TO_32_BIT_CONVERSION = YES;
				GCC_WARN_ABOUT_RETURN_TYPE = YES_ERROR;
				GCC_WARN_UNDECLARED_SELECTOR = YES;
				GCC_WARN_UNINITIALIZED_AUTOS = YES_AGGRESSIVE;
				GCC_WARN_UNUSED_FUNCTION = YES;
				GCC_WARN_UNUSED_VARIABLE = YES;
				MACOSX_DEPLOYMENT_TARGET = 14.0;
				MTL_ENABLE_DEBUG_INFO = INCLUDE_SOURCE;
				MTL_FAST_MATH = YES;
				ONLY_ACTIVE_ARCH = YES;
				PRODUCT_NAME = "$(TARGET_NAME)";
				SDKROOT = macosx;
				SWIFT_ACTIVE_COMPILATION_CONDITIONS = DEBUG;
				SWIFT_OPTIMIZATION_LEVEL = "-Onone";
				SWIFT_VERSION = 5.0;
			};
			name = Debug;
		};
		2842E39FD7B6E4283317666D /* Release */ = {
			isa = XCBuildConfiguration;
			buildSettings = {
				ALWAYS_SEARCH_USER_PATHS = NO;
				CLANG_ANALYZER_NONNULL = YES;
				CLANG_ANALYZER_NUMBER_OBJECT_CONVERSION = YES_AGGRESSIVE;
				CLANG_CXX_LANGUAGE_STANDARD = "gnu++14";
				CLANG_CXX_LIBRARY = "libc++";
				CLANG_ENABLE_MODULES = YES;
				CLANG_ENABLE_OBJC_ARC = YES;
				CLANG_ENABLE_OBJC_WEAK = YES;
				CLANG_WARN_BLOCK_CAPTURE_AUTORELEASING = YES;
				CLANG_WARN_BOOL_CONVERSION = YES;
				CLANG_WARN_COMMA = YES;
				CLANG_WARN_CONSTANT_CONVERSION = YES;
				CLANG_WARN_DEPRECATED_OBJC_IMPLEMENTATIONS = YES;
				CLANG_WARN_DIRECT_OBJC_ISA_USAGE = YES_ERROR;
				CLANG_WARN_DOCUMENTATION_COMMENTS = YES;
				CLANG_WARN_EMPTY_BODY = YES;
				CLANG_WARN_ENUM_CONVERSION = YES;
				CLANG_WARN_INFINITE_RECURSION = YES;
				CLANG_WARN_INT_CONVERSION = YES;
				CLANG_WARN_NON_LITERAL_NULL_CONVERSION = YES;
				CLANG_WARN_OBJC_IMPLICIT_RETAIN_SELF = YES;
				CLANG_WARN_OBJC_LITERAL_CONVERSION = YES;
				CLANG_WARN_OBJC_ROOT_CLASS = YES_ERROR;
				CLANG_WARN_QUOTED_INCLUDE_IN_FRAMEWORK_HEADER = YES;
				CLANG_WARN_RANGE_LOOP_ANALYSIS = YES;
				CLANG_WARN_STRICT_PROTOTYPES = YES;
				CLANG_WARN_SUSPICIOUS_MOVE = YES;
				CLANG_WARN_UNGUARDED_AVAILABILITY = YES_AGGRESSIVE;
				CLANG_WARN_UNREACHABLE_CODE = YES;
				CLANG_WARN__DUPLICATE_METHOD_MATCH = YES;
				COPY_PHASE_STRIP = NO;
				DEBUG_INFORMATION_FORMAT = "dwarf-with-dsym";
				ENABLE_NS_ASSERTIONS = NO;
				ENABLE_STRICT_OBJC_MSGSEND = YES;
				GCC_C_LANGUAGE_STANDARD = gnu11;
				GCC_NO_COMMON_BLOCKS = YES;
				GCC_WARN_64_TO_32_BIT_CONVERSION = YES;
				GCC_WARN_ABOUT_RETURN_TYPE = YES_ERROR;
				GCC_WARN_UNDECLARED_SELECTOR = YES;
				GCC_WARN_UNINITIALIZED_AUTOS = YES_AGGRESSIVE;
				GCC_WARN_UNUSED_FUNCTION = YES;
				GCC_WARN_UNUSED_VARIABLE = YES;
				MACOSX_DEPLOYMENT_TARGET = 14.0;
				MTL_ENABLE_DEBUG_INFO = NO;
				MTL_FAST_MATH = YES;
				PRODUCT_NAME = "$(TARGET_NAME)";
				SDKROOT = macosx;
				SWIFT_COMPILATION_MODE = wholemodule;
				SWIFT_OPTIMIZATION_LEVEL = "-O";
				SWIFT_VERSION = 5.0;
			};
			name = Release;
		};
		2F752E1D4AA08CA961F92479 /* Release */ = {
			isa = XCBuildConfiguration;
			baseConfigurationReference = A60000000000000000000001 /* Version.xcconfig */;
			buildSettings = {
				ASSETCATALOG_COMPILER_APPICON_NAME = AppIcon;
				CODE_SIGN_IDENTITY = "Developer ID Application";
				"CODE_SIGN_IDENTITY[sdk=macosx*]" = "Developer ID Application";
				CODE_SIGN_INJECT_BASE_ENTITLEMENTS = NO;
				CODE_SIGN_STYLE = Manual;
				COMBINE_HIDPI_IMAGES = YES;
				DEVELOPMENT_TEAM = UKA4NU5898;
				ENABLE_HARDENED_RUNTIME = YES;
				INFOPLIST_FILE = Info.plist;
				LD_RUNPATH_SEARCH_PATHS = (
					"$(inherited)",
					"@executable_path/../Frameworks",
				);
				PRODUCT_BUNDLE_IDENTIFIER = io.cjlee.cosmos;
				PRODUCT_MODULE_NAME = CosmosApp;
				PRODUCT_NAME = Cosmos;
				SDKROOT = macosx;
				SWIFT_VERSION = 5.0;
			};
			name = Release;
		};
		3A999613B5C9ECDE268B4D20 /* Debug */ = {
			isa = XCBuildConfiguration;
			buildSettings = {
				BUNDLE_LOADER = "$(TEST_HOST)";
				COMBINE_HIDPI_IMAGES = YES;
				GENERATE_INFOPLIST_FILE = YES;
				LD_RUNPATH_SEARCH_PATHS = (
					"$(inherited)",
					"@executable_path/../Frameworks",
					"@loader_path/../Frameworks",
				);
				MACOSX_DEPLOYMENT_TARGET = 14.0;
				PRODUCT_BUNDLE_IDENTIFIER = io.cjlee.cosmos.debug.tests;
				SDKROOT = macosx;
				SWIFT_VERSION = 5.0;
				TEST_HOST = "$(BUILT_PRODUCTS_DIR)/Cosmos Dev.app/Contents/MacOS/Cosmos Dev";
			};
			name = Debug;
		};
		80AA2911FB5D28D9B8FBB0F7 /* Debug */ = {
			isa = XCBuildConfiguration;
			baseConfigurationReference = A60000000000000000000001 /* Version.xcconfig */;
			buildSettings = {
				ASSETCATALOG_COMPILER_APPICON_NAME = AppIcon;
				CODE_SIGN_IDENTITY = "Apple Development";
				"CODE_SIGN_IDENTITY[sdk=macosx*]" = "Apple Development";
				CODE_SIGN_STYLE = Automatic;
				COMBINE_HIDPI_IMAGES = YES;
				DEVELOPMENT_TEAM = UKA4NU5898;
				INFOPLIST_FILE = Info.plist;
				LD_RUNPATH_SEARCH_PATHS = (
					"$(inherited)",
					"@executable_path/../Frameworks",
				);
				PRODUCT_BUNDLE_IDENTIFIER = io.cjlee.cosmos.debug;
				PRODUCT_MODULE_NAME = CosmosApp;
				PRODUCT_NAME = "Cosmos Dev";
				PROVISIONING_PROFILE_SPECIFIER = "";
				SDKROOT = macosx;
				SWIFT_VERSION = 5.0;
			};
			name = Debug;
		};
		B2F9C9FEEA8297AC597D32BC /* Release */ = {
			isa = XCBuildConfiguration;
			buildSettings = {
				BUNDLE_LOADER = "$(TEST_HOST)";
				COMBINE_HIDPI_IMAGES = YES;
				GENERATE_INFOPLIST_FILE = YES;
				LD_RUNPATH_SEARCH_PATHS = (
					"$(inherited)",
					"@executable_path/../Frameworks",
					"@loader_path/../Frameworks",
				);
				MACOSX_DEPLOYMENT_TARGET = 14.0;
				PRODUCT_BUNDLE_IDENTIFIER = io.cjlee.cosmos.tests;
				SDKROOT = macosx;
				SWIFT_VERSION = 5.0;
				TEST_HOST = "$(BUILT_PRODUCTS_DIR)/Cosmos.app/Contents/MacOS/Cosmos";
			};
			name = Release;
		};
/* End XCBuildConfiguration section */

/* Begin XCConfigurationList section */
		07DB6B20A5A906263F768255 /* Build configuration list for PBXNativeTarget "CosmosAppTests" */ = {
			isa = XCConfigurationList;
			buildConfigurations = (
				3A999613B5C9ECDE268B4D20 /* Debug */,
				B2F9C9FEEA8297AC597D32BC /* Release */,
			);
			defaultConfigurationIsVisible = 0;
			defaultConfigurationName = Debug;
		};
		6B6CC8613FA8FF9FF44A01C7 /* Build configuration list for PBXNativeTarget "Cosmos" */ = {
			isa = XCConfigurationList;
			buildConfigurations = (
				80AA2911FB5D28D9B8FBB0F7 /* Debug */,
				2F752E1D4AA08CA961F92479 /* Release */,
			);
			defaultConfigurationIsVisible = 0;
			defaultConfigurationName = Debug;
		};
		CF39F17CA13D0EF310945F82 /* Build configuration list for PBXProject "Cosmos" */ = {
			isa = XCConfigurationList;
			buildConfigurations = (
				1873CFA211A2A7D5B2C87A7A /* Debug */,
				2842E39FD7B6E4283317666D /* Release */,
			);
			defaultConfigurationIsVisible = 0;
			defaultConfigurationName = Debug;
		};
/* End XCConfigurationList section */

/* Begin XCLocalSwiftPackageReference section */
		EB6D50EA35444DD0A860C849 /* XCLocalSwiftPackageReference "../.." */ = {
			isa = XCLocalSwiftPackageReference;
			relativePath = ../..;
		};
/* End XCLocalSwiftPackageReference section */

/* Begin XCSwiftPackageProductDependency section */
		5B43D1C8FC0F4AD4173F2A0C /* CosmosCore */ = {
			isa = XCSwiftPackageProductDependency;
			productName = CosmosCore;
		};
		F3C6C1E01E2790DBD1C8759D /* CosmosCore */ = {
			isa = XCSwiftPackageProductDependency;
			productName = CosmosCore;
		};
/* End XCSwiftPackageProductDependency section */
	};
	rootObject = 7DBFE0581C5D6629E69CCD5B /* Project object */;
}
